
Microsoft Visual Studio Solution File, Format Version 12.00
# Visual Studio Version 16
VisualStudioVersion = 16.0.29905.134
MinimumVisualStudioVersion = 10.0.40219.1
Project("{2150E333-8FDC-42A3-9474-1A3956D46DE8}") = "Solution Items", "Solution Items", "{42B4304A-76CB-4D25-A2F7-038B376E6BB5}"
	ProjectSection(SolutionItems) = preProject
		global.json = global.json
		ReadMe.md = ReadMe.md
	EndProjectSection
EndProject
Project("{FAE04EC0-301F-11D3-BF4B-00C04F79EFBC}") = "URF.Core.Sample.v3.Models", "URF.Core.Sample.v3.Models\URF.Core.Sample.v3.Models.csproj", "{28963BF0-9448-4E6D-BD2D-BA1B29AE30D1}"
EndProject
Project("{FAE04EC0-301F-11D3-BF4B-00C04F79EFBC}") = "URF.Core.Sample.v3.Abstractions", "URF.Core.Sample.v3.Abstractions\URF.Core.Sample.v3.Abstractions.csproj", "{BCAE3017-6307-468F-94DC-031740EF798E}"
EndProject
Project("{FAE04EC0-301F-11D3-BF4B-00C04F79EFBC}") = "URF.Core.Sample.v3.EF", "URF.Core.Sample.v3.EF\URF.Core.Sample.v3.EF.csproj", "{C4EAD340-E9A1-4ECD-9157-01A52C3A2D57}"
EndProject
Project("{FAE04EC0-301F-11D3-BF4B-00C04F79EFBC}") = "URF.Core.Sample.v3.Api", "URF.Core.Sample.v3.Api\URF.Core.Sample.v3.Api.csproj", "{8ADD508E-C12D-4A03-A30F-0934EEA1DFC1}"
EndProject
Global
	GlobalSection(SolutionConfigurationPlatforms) = preSolution
		Debug|Any CPU = Debug|Any CPU
		Release|Any CPU = Release|Any CPU
	EndGlobalSection
	GlobalSection(ProjectConfigurationPlatforms) = postSolution
		{28963BF0-9448-4E6D-BD2D-BA1B29AE30D1}.Debug|Any CPU.ActiveCfg = Debug|Any CPU
		{28963BF0-9448-4E6D-BD2D-BA1B29AE30D1}.Debug|Any CPU.Build.0 = Debug|Any CPU
		{28963BF0-9448-4E6D-BD2D-BA1B29AE30D1}.Release|Any CPU.ActiveCfg = Release|Any CPU
		{28963BF0-9448-4E6D-BD2D-BA1B29AE30D1}.Release|Any CPU.Build.0 = Release|Any CPU
		{BCAE3017-6307-468F-94DC-031740EF798E}.Debug|Any CPU.ActiveCfg = Debug|Any CPU
		{BCAE3017-6307-468F-94DC-031740EF798E}.Debug|Any CPU.Build.0 = Debug|Any CPU
		{BCAE3017-6307-468F-94DC-031740EF798E}.Release|Any CPU.ActiveCfg = Release|Any CPU
		{BCAE3017-6307-468F-94DC-031740EF798E}.Release|Any CPU.Build.0 = Release|Any CPU
		{C4EAD340-E9A1-4ECD-9157-01A52C3A2D57}.Debug|Any CPU.ActiveCfg = Debug|Any CPU
		{C4EAD340-E9A1-4ECD-9157-01A52C3A2D57}.Debug|Any CPU.Build.0 = Debug|Any CPU
		{C4EAD340-E9A1-4ECD-9157-01A52C3A2D57}.Release|Any CPU.ActiveCfg = Release|Any CPU
		{C4EAD340-E9A1-4ECD-9157-01A52C3A2D57}.Release|Any CPU.Build.0 = Release|Any CPU
		{8ADD508E-C12D-4A03-A30F-0934EEA1DFC1}.Debug|Any CPU.ActiveCfg = Debug|Any CPU
		{8ADD508E-C12D-4A03-A30F-0934EEA1DFC1}.Debug|Any CPU.Build.0 = Debug|Any CPU
		{8ADD508E-C12D-4A03-A30F-0934EEA1DFC1}.Release|Any CPU.ActiveCfg = Release|Any CPU
		{8ADD508E-C12D-4A03-A30F-0934EEA1DFC1}.Release|Any CPU.Build.0 = Release|Any CPU
	EndGlobalSection
	GlobalSection(SolutionProperties) = preSolution
		HideSolutionNode = FALSE
	EndGlobalSection
	GlobalSection(ExtensibilityGlobals) = postSolution
		SolutionGuid = {3F628708-CE82-4E51-9507-F84E4E94FAD9}
	EndGlobalSection
EndGlobal
